
Microsoft Visual Studio Solution File, Format Version 12.00
# Visual Studio Version 17
VisualStudioVersion = 17.0.31903.59
MinimumVisualStudioVersion = 10.0.40219.1
Project("{2150E333-8FDC-42A3-9474-1A3956D46DE8}") = "Core", "Core", "{6C33ADE0-9C08-4B90-B0C1-7827B19E8099}"
EndProject
Project("{FAE04EC0-301F-11D3-BF4B-00C04F79EFBC}") = "MAF.Core.Domain", "Core\Domain\MAF.Core.Domain.csproj", "{A5BB27D9-FC3C-45E4-B430-2A050324F438}"
EndProject
Project("{FAE04EC0-301F-11D3-BF4B-00C04F79EFBC}") = "MAF.Core.Application", "Core\Application\MAF.Core.Application.csproj", "{6A4053AD-D8D6-494F-84A6-9509A89232EE}"
EndProject
Project("{2150E333-8FDC-42A3-9474-1A3956D46DE8}") = "Ports", "Ports", "{59C857B1-1F2B-4CEB-9538-9D08D7FE5C1B}"
EndProject
Project("{FAE04EC0-301F-11D3-BF4B-00C04F79EFBC}") = "MAF.Ports.Input", "Ports\Input\MAF.Ports.Input.csproj", "{58C637F0-90CD-45FA-8B8F-8E9003095A97}"
EndProject
Project("{FAE04EC0-301F-11D3-BF4B-00C04F79EFBC}") = "MAF.Ports.Output", "Ports\Output\MAF.Ports.Output.csproj", "{2C719108-F573-4B11-BB5B-514CEE25668E}"
EndProject
Project("{2150E333-8FDC-42A3-9474-1A3956D46DE8}") = "Adapters", "Adapters", "{157A6D7B-3A10-4593-BE90-45B8FBFA030B}"
EndProject
Project("{2150E333-8FDC-42A3-9474-1A3956D46DE8}") = "Output", "Output", "{3AA9A532-E926-499E-ADB2-1630077BA673}"
EndProject
Project("{FAE04EC0-301F-11D3-BF4B-00C04F79EFBC}") = "MAF.Adapters.Output.Firebase", "Adapters\Output\Firebase\MAF.Adapters.Output.Firebase.csproj", "{794A1627-D0DC-42B4-BBDD-724E114E6621}"
EndProject
Project("{2150E333-8FDC-42A3-9474-1A3956D46DE8}") = "Input", "Input", "{30E6AF02-1458-411F-871B-931A2A5D9A62}"
EndProject
Project("{FAE04EC0-301F-11D3-BF4B-00C04F79EFBC}") = "MAF.Adapters.Input.WebServer", "Adapters\Input\WebServer\MAF.Adapters.Input.WebServer.csproj", "{7B19313D-505C-4768-A24C-97108AB57EF6}"
EndProject
Global
	GlobalSection(SolutionConfigurationPlatforms) = preSolution
		Debug|Any CPU = Debug|Any CPU
		Release|Any CPU = Release|Any CPU
	EndGlobalSection
	GlobalSection(SolutionProperties) = preSolution
		HideSolutionNode = FALSE
	EndGlobalSection
	GlobalSection(ProjectConfigurationPlatforms) = postSolution
		{A5BB27D9-FC3C-45E4-B430-2A050324F438}.Debug|Any CPU.ActiveCfg = Debug|Any CPU
		{A5BB27D9-FC3C-45E4-B430-2A050324F438}.Debug|Any CPU.Build.0 = Debug|Any CPU
		{A5BB27D9-FC3C-45E4-B430-2A050324F438}.Release|Any CPU.ActiveCfg = Release|Any CPU
		{A5BB27D9-FC3C-45E4-B430-2A050324F438}.Release|Any CPU.Build.0 = Release|Any CPU
		{6A4053AD-D8D6-494F-84A6-9509A89232EE}.Debug|Any CPU.ActiveCfg = Debug|Any CPU
		{6A4053AD-D8D6-494F-84A6-9509A89232EE}.Debug|Any CPU.Build.0 = Debug|Any CPU
		{6A4053AD-D8D6-494F-84A6-9509A89232EE}.Release|Any CPU.ActiveCfg = Release|Any CPU
		{6A4053AD-D8D6-494F-84A6-9509A89232EE}.Release|Any CPU.Build.0 = Release|Any CPU
		{58C637F0-90CD-45FA-8B8F-8E9003095A97}.Debug|Any CPU.ActiveCfg = Debug|Any CPU
		{58C637F0-90CD-45FA-8B8F-8E9003095A97}.Debug|Any CPU.Build.0 = Debug|Any CPU
		{58C637F0-90CD-45FA-8B8F-8E9003095A97}.Release|Any CPU.ActiveCfg = Release|Any CPU
		{58C637F0-90CD-45FA-8B8F-8E9003095A97}.Release|Any CPU.Build.0 = Release|Any CPU
		{2C719108-F573-4B11-BB5B-514CEE25668E}.Debug|Any CPU.ActiveCfg = Debug|Any CPU
		{2C719108-F573-4B11-BB5B-514CEE25668E}.Debug|Any CPU.Build.0 = Debug|Any CPU
		{2C719108-F573-4B11-BB5B-514CEE25668E}.Release|Any CPU.ActiveCfg = Release|Any CPU
		{2C719108-F573-4B11-BB5B-514CEE25668E}.Release|Any CPU.Build.0 = Release|Any CPU
		{794A1627-D0DC-42B4-BBDD-724E114E6621}.Debug|Any CPU.ActiveCfg = Debug|Any CPU
		{794A1627-D0DC-42B4-BBDD-724E114E6621}.Debug|Any CPU.Build.0 = Debug|Any CPU
		{794A1627-D0DC-42B4-BBDD-724E114E6621}.Release|Any CPU.ActiveCfg = Release|Any CPU
		{794A1627-D0DC-42B4-BBDD-724E114E6621}.Release|Any CPU.Build.0 = Release|Any CPU
		{4DFAAC1C-4CB4-4720-A3AD-75469573621E}.Debug|Any CPU.ActiveCfg = Debug|Any CPU
		{4DFAAC1C-4CB4-4720-A3AD-75469573621E}.Debug|Any CPU.Build.0 = Debug|Any CPU
		{4DFAAC1C-4CB4-4720-A3AD-75469573621E}.Release|Any CPU.ActiveCfg = Release|Any CPU
		{4DFAAC1C-4CB4-4720-A3AD-75469573621E}.Release|Any CPU.Build.0 = Release|Any CPU
		{101A3DD1-AE1C-4C0C-B6E2-909D5CE6F6AB}.Debug|Any CPU.ActiveCfg = Debug|Any CPU
		{101A3DD1-AE1C-4C0C-B6E2-909D5CE6F6AB}.Debug|Any CPU.Build.0 = Debug|Any CPU
		{101A3DD1-AE1C-4C0C-B6E2-909D5CE6F6AB}.Release|Any CPU.ActiveCfg = Release|Any CPU
		{101A3DD1-AE1C-4C0C-B6E2-909D5CE6F6AB}.Release|Any CPU.Build.0 = Release|Any CPU
		{7B19313D-505C-4768-A24C-97108AB57EF6}.Debug|Any CPU.ActiveCfg = Debug|Any CPU
		{7B19313D-505C-4768-A24C-97108AB57EF6}.Debug|Any CPU.Build.0 = Debug|Any CPU
		{7B19313D-505C-4768-A24C-97108AB57EF6}.Release|Any CPU.ActiveCfg = Release|Any CPU
		{7B19313D-505C-4768-A24C-97108AB57EF6}.Release|Any CPU.Build.0 = Release|Any CPU
	EndGlobalSection
	GlobalSection(NestedProjects) = preSolution
		{A5BB27D9-FC3C-45E4-B430-2A050324F438} = {6C33ADE0-9C08-4B90-B0C1-7827B19E8099}
		{6A4053AD-D8D6-494F-84A6-9509A89232EE} = {6C33ADE0-9C08-4B90-B0C1-7827B19E8099}
		{58C637F0-90CD-45FA-8B8F-8E9003095A97} = {59C857B1-1F2B-4CEB-9538-9D08D7FE5C1B}
		{2C719108-F573-4B11-BB5B-514CEE25668E} = {59C857B1-1F2B-4CEB-9538-9D08D7FE5C1B}
		{3AA9A532-E926-499E-ADB2-1630077BA673} = {157A6D7B-3A10-4593-BE90-45B8FBFA030B}
		{794A1627-D0DC-42B4-BBDD-724E114E6621} = {3AA9A532-E926-499E-ADB2-1630077BA673}
		{4A05FDB8-1BCA-4A59-A7C1-F60C6CDF2D8B} = {157A6D7B-3A10-4593-BE90-45B8FBFA030B}
		{101A3DD1-AE1C-4C0C-B6E2-909D5CE6F6AB} = {4A05FDB8-1BCA-4A59-A7C1-F60C6CDF2D8B}
		{30E6AF02-1458-411F-871B-931A2A5D9A62} = {157A6D7B-3A10-4593-BE90-45B8FBFA030B}
		{7B19313D-505C-4768-A24C-97108AB57EF6} = {30E6AF02-1458-411F-871B-931A2A5D9A62}
	EndGlobalSection
EndGlobal
